{
  "name": "@alpine-core/sdk",
  "version": "0.1.6",
  "lockfileVersion": 3,
  "requires": true,
  "packages": {
    "": {
      "name": "@alpine-core/sdk",
      "version": "0.1.0",
      "dependencies": {
        "@alpine-core/protocol": "file:../../protocol/ts",
        "cbor": "^8.1.0"
      },
      "devDependencies": {
        "@types/node": "^20.10.0",
        "typescript": "^5.0.0"
      }
    },
    "../../protocol/ts": {
      "name": "@alpine-core/protocol",
      "version": "2.0.10",
      "license": "Apache-2.0",
      "dependencies": {
        "cbor": "^8.1.0"
      },
      "devDependencies": {
        "@types/node": "^20.10.0",
        "typescript": "^5.6.3"
      }
    },
    "node_modules/@alpine-core/protocol": {
      "resolved": "../../protocol/ts",
      "link": true
    },
    "node_modules/@types/node": {
      "version": "20.19.25",
      "dev": true,
      "license": "MIT",
      "dependencies": {
        "undici-types": "~6.21.0"
      }
    },
    "node_modules/cbor": {
      "version": "8.1.0",
      "license": "MIT",
      "dependencies": {
        "nofilter": "^3.1.0"
      },
      "engines": {
        "node": ">=12.19"
      }
    },
    "node_modules/nofilter": {
      "version": "3.1.0",
      "license": "MIT",
      "engines": {
        "node": ">=12.19"
      }
    },
    "node_modules/typescript": {
      "version": "5.9.3",
      "dev": true,
      "license": "Apache-2.0",
      "bin": {
        "tsc": "bin/tsc",
        "tsserver": "bin/tsserver"
      },
      "engines": {
        "node": ">=14.17"
      }
    },
    "node_modules/undici-types": {
      "version": "6.21.0",
      "dev": true,
      "license": "MIT"
    }
  }
}
